github.com/wowchemy/wowchemy-hugo-modules/wowchemy v0.0.0-20210413192202-ab8d28988e0e h1:l9ZvxE12kMiwIV5eMUAaQ64aopV7NaBMAIOSTy1kIqg=
github.com/wowchemy/wowchemy-hugo-modules/wowchemy v0.0.0-20210413192202-ab8d28988e0e/go.mod h1:H22qfH9qj3FWwsk7+bAZpmT24yRGNQURah2/IRwjbn8=
github.com/wowchemy/wowchemy-hugo-modules/wowchemy v0.0.0-20210422192724-bfa3808cb6ec h1:hiiibzm2QgYhQ6LK6ow8zLFNP0PyfzWfdKX9i5rN3e4=
github.com/wowchemy/wowchemy-hugo-modules/wowchemy v0.0.0-20210422192724-bfa3808cb6ec/go.mod h1:H22qfH9qj3FWwsk7+bAZpmT24yRGNQURah2/IRwjbn8=
github.com/wowchemy/wowchemy-hugo-modules/wowchemy-cms v0.0.0-20210413192202-ab8d28988e0e h1:VVNzzaAkvHR7YEfqPB2wembtTOKSsW+1I5aKBm7zhh4=
github.com/wowchemy/wowchemy-hugo-modules/wowchemy-cms v0.0.0-20210413192202-ab8d28988e0e/go.mod h1:AKpYbqUVlj0VYsc7Jsxe1o8Ko2yV31A5ZPdfpACcXJw=
github.com/wowchemy/wowchemy-hugo-modules/wowchemy-cms v0.0.0-20210422192724-bfa3808cb6ec h1:qb90wYJtgTlguajVdZpOSBGF6fDOySrEIwPB3xXJQD4=
github.com/wowchemy/wowchemy-hugo-modules/wowchemy-cms v0.0.0-20210422192724-bfa3808cb6ec/go.mod h1:AKpYbqUVlj0VYsc7Jsxe1o8Ko2yV31A5ZPdfpACcXJw=
github.com/wowchemy/wowchemy-hugo-modules/wowchemy-cms/v5 v5.0.0-20210912234819-c9831b5c1e21 h1:rAQBisbEEgq2YQCl9j3jN721Zw53ZGaLOE6I8BsT3PA=
github.com/wowchemy/wowchemy-hugo-modules/wowchemy-cms/v5 v5.0.0-20210912234819-c9831b5c1e21/go.mod h1:Sp/AKo+2HAPi/IPHp1MEdKPmee+mzO5+efUBUPLPqPE=
